
Microsoft Visual Studio Solution File, Format Version 12.00
# Visual Studio 15
VisualStudioVersion = 15.0.27428.2043
MinimumVisualStudioVersion = 10.0.40219.1
Project("{F184B08F-C81C-45F6-A57F-5ABD9991F28F}") = "ChamasF_AlarmSystem", "ChamasF_AlarmSystem\ChamasF_AlarmSystem.vbproj", "{6D2BFC2D-F8D1-41C8-B446-C8FA6279EAC2}"
EndProject
Global
	GlobalSection(SolutionConfigurationPlatforms) = preSolution
		Debug|Any CPU = Debug|Any CPU
		Release|Any CPU = Release|Any CPU
	EndGlobalSection
	GlobalSection(ProjectConfigurationPlatforms) = postSolution
		{6D2BFC2D-F8D1-41C8-B446-C8FA6279EAC2}.Debug|Any CPU.ActiveCfg = Debug|Any CPU
		{6D2BFC2D-F8D1-41C8-B446-C8FA6279EAC2}.Debug|Any CPU.Build.0 = Debug|Any CPU
		{6D2BFC2D-F8D1-41C8-B446-C8FA6279EAC2}.Release|Any CPU.ActiveCfg = Release|Any CPU
		{6D2BFC2D-F8D1-41C8-B446-C8FA6279EAC2}.Release|Any CPU.Build.0 = Release|Any CPU
	EndGlobalSection
	GlobalSection(SolutionProperties) = preSolution
		HideSolutionNode = FALSE
	EndGlobalSection
	GlobalSection(ExtensibilityGlobals) = postSolution
		SolutionGuid = {3BD59703-DE5D-4950-92AF-22D101654430}
	EndGlobalSection
EndGlobal
